
Microsoft Visual Studio Solution File, Format Version 12.00
# Visual Studio Version 17
VisualStudioVersion = 17.9.34728.123
MinimumVisualStudioVersion = 10.0.40219.1
Project("{9A19103F-16F7-4668-BE54-9A1E7A4F7556}") = "CardGame", "CardGame\CardGame.csproj", "{7A2BFB5D-2016-49D4-8E4E-DF766588DEBF}"
EndProject
Global
	GlobalSection(SolutionConfigurationPlatforms) = preSolution
		Debug|Any CPU = Debug|Any CPU
		Release|Any CPU = Release|Any CPU
	EndGlobalSection
	GlobalSection(ProjectConfigurationPlatforms) = postSolution
		{7A2BFB5D-2016-49D4-8E4E-DF766588DEBF}.Debug|Any CPU.ActiveCfg = Debug|Any CPU
		{7A2BFB5D-2016-49D4-8E4E-DF766588DEBF}.Debug|Any CPU.Build.0 = Debug|Any CPU
		{7A2BFB5D-2016-49D4-8E4E-DF766588DEBF}.Release|Any CPU.ActiveCfg = Release|Any CPU
		{7A2BFB5D-2016-49D4-8E4E-DF766588DEBF}.Release|Any CPU.Build.0 = Release|Any CPU
	EndGlobalSection
	GlobalSection(SolutionProperties) = preSolution
		HideSolutionNode = FALSE
	EndGlobalSection
	GlobalSection(ExtensibilityGlobals) = postSolution
		SolutionGuid = {D30D7146-B691-4F9F-A6D3-A326F3DCD160}
	EndGlobalSection
EndGlobal
